
Microsoft Visual Studio Solution File, Format Version 12.00
# Visual Studio Version 16
VisualStudioVersion = 16.0.31702.278
MinimumVisualStudioVersion = 10.0.40219.1
Project("{FAE04EC0-301F-11D3-BF4B-00C04F79EFBC}") = "Police", "Police\Police.csproj", "{8BEB90EF-258C-47E7-8530-E3C061EECA2C}"
EndProject
Global
	GlobalSection(SolutionConfigurationPlatforms) = preSolution
		Debug|Any CPU = Debug|Any CPU
		Release|Any CPU = Release|Any CPU
	EndGlobalSection
	GlobalSection(ProjectConfigurationPlatforms) = postSolution
		{8BEB90EF-258C-47E7-8530-E3C061EECA2C}.Debug|Any CPU.ActiveCfg = Debug|Any CPU
		{8BEB90EF-258C-47E7-8530-E3C061EECA2C}.Debug|Any CPU.Build.0 = Debug|Any CPU
		{8BEB90EF-258C-47E7-8530-E3C061EECA2C}.Release|Any CPU.ActiveCfg = Release|Any CPU
		{8BEB90EF-258C-47E7-8530-E3C061EECA2C}.Release|Any CPU.Build.0 = Release|Any CPU
	EndGlobalSection
	GlobalSection(SolutionProperties) = preSolution
		HideSolutionNode = FALSE
	EndGlobalSection
	GlobalSection(ExtensibilityGlobals) = postSolution
		SolutionGuid = {06C26F01-7A7D-4BA9-A6A1-AE480BA21EE4}
	EndGlobalSection
EndGlobal
